
Microsoft Visual Studio Solution File, Format Version 12.00
# Visual Studio Version 17
VisualStudioVersion = 17.7.34024.191
MinimumVisualStudioVersion = 10.0.40219.1
Project("{FAE04EC0-301F-11D3-BF4B-00C04F79EFBC}") = "Day9", "Day9\Day9.csproj", "{329A15BC-BAD5-49A4-A908-A8D7490A34EB}"
EndProject
Global
	GlobalSection(SolutionConfigurationPlatforms) = preSolution
		Debug|Any CPU = Debug|Any CPU
		Release|Any CPU = Release|Any CPU
	EndGlobalSection
	GlobalSection(ProjectConfigurationPlatforms) = postSolution
		{329A15BC-BAD5-49A4-A908-A8D7490A34EB}.Debug|Any CPU.ActiveCfg = Debug|Any CPU
		{329A15BC-BAD5-49A4-A908-A8D7490A34EB}.Debug|Any CPU.Build.0 = Debug|Any CPU
		{329A15BC-BAD5-49A4-A908-A8D7490A34EB}.Release|Any CPU.ActiveCfg = Release|Any CPU
		{329A15BC-BAD5-49A4-A908-A8D7490A34EB}.Release|Any CPU.Build.0 = Release|Any CPU
	EndGlobalSection
	GlobalSection(SolutionProperties) = preSolution
		HideSolutionNode = FALSE
	EndGlobalSection
	GlobalSection(ExtensibilityGlobals) = postSolution
		SolutionGuid = {2F2A231C-A6EA-419A-B5FA-BF51F9639B7B}
	EndGlobalSection
EndGlobal
