
Microsoft Visual Studio Solution File, Format Version 12.00
# Visual Studio Version 17
VisualStudioVersion = 17.7.34024.191
MinimumVisualStudioVersion = 10.0.40219.1
Project("{FAE04EC0-301F-11D3-BF4B-00C04F79EFBC}") = "Day7", "Day7\Day7.csproj", "{1268DA22-3F5B-4988-B6CD-DF2148080BA8}"
EndProject
Global
	GlobalSection(SolutionConfigurationPlatforms) = preSolution
		Debug|Any CPU = Debug|Any CPU
		Release|Any CPU = Release|Any CPU
	EndGlobalSection
	GlobalSection(ProjectConfigurationPlatforms) = postSolution
		{1268DA22-3F5B-4988-B6CD-DF2148080BA8}.Debug|Any CPU.ActiveCfg = Debug|Any CPU
		{1268DA22-3F5B-4988-B6CD-DF2148080BA8}.Debug|Any CPU.Build.0 = Debug|Any CPU
		{1268DA22-3F5B-4988-B6CD-DF2148080BA8}.Release|Any CPU.ActiveCfg = Release|Any CPU
		{1268DA22-3F5B-4988-B6CD-DF2148080BA8}.Release|Any CPU.Build.0 = Release|Any CPU
	EndGlobalSection
	GlobalSection(SolutionProperties) = preSolution
		HideSolutionNode = FALSE
	EndGlobalSection
	GlobalSection(ExtensibilityGlobals) = postSolution
		SolutionGuid = {23015B72-9A1F-414A-B415-7CD39D7B6E54}
	EndGlobalSection
EndGlobal
