
Microsoft Visual Studio Solution File, Format Version 12.00
# Visual Studio Version 17
VisualStudioVersion = 17.7.34024.191
MinimumVisualStudioVersion = 10.0.40219.1
Project("{FAE04EC0-301F-11D3-BF4B-00C04F79EFBC}") = "AOC-Day1", "AOC-Day1\AOC-Day1.csproj", "{8B496BEE-6914-41BD-A76D-CD87D349FBE4}"
EndProject
Global
	GlobalSection(SolutionConfigurationPlatforms) = preSolution
		Debug|Any CPU = Debug|Any CPU
		Release|Any CPU = Release|Any CPU
	EndGlobalSection
	GlobalSection(ProjectConfigurationPlatforms) = postSolution
		{8B496BEE-6914-41BD-A76D-CD87D349FBE4}.Debug|Any CPU.ActiveCfg = Debug|Any CPU
		{8B496BEE-6914-41BD-A76D-CD87D349FBE4}.Debug|Any CPU.Build.0 = Debug|Any CPU
		{8B496BEE-6914-41BD-A76D-CD87D349FBE4}.Release|Any CPU.ActiveCfg = Release|Any CPU
		{8B496BEE-6914-41BD-A76D-CD87D349FBE4}.Release|Any CPU.Build.0 = Release|Any CPU
	EndGlobalSection
	GlobalSection(SolutionProperties) = preSolution
		HideSolutionNode = FALSE
	EndGlobalSection
	GlobalSection(ExtensibilityGlobals) = postSolution
		SolutionGuid = {6FD523BD-1EAF-49A1-9BA1-F70E6F40F4C1}
	EndGlobalSection
EndGlobal
