
Microsoft Visual Studio Solution File, Format Version 12.00
# Visual Studio Version 17
VisualStudioVersion = 17.7.34024.191
MinimumVisualStudioVersion = 10.0.40219.1
Project("{FAE04EC0-301F-11D3-BF4B-00C04F79EFBC}") = "Day6", "Day6\Day6.csproj", "{42D5AB87-2539-4534-9498-8761CEEAABE2}"
EndProject
Global
	GlobalSection(SolutionConfigurationPlatforms) = preSolution
		Debug|Any CPU = Debug|Any CPU
		Release|Any CPU = Release|Any CPU
	EndGlobalSection
	GlobalSection(ProjectConfigurationPlatforms) = postSolution
		{42D5AB87-2539-4534-9498-8761CEEAABE2}.Debug|Any CPU.ActiveCfg = Debug|Any CPU
		{42D5AB87-2539-4534-9498-8761CEEAABE2}.Debug|Any CPU.Build.0 = Debug|Any CPU
		{42D5AB87-2539-4534-9498-8761CEEAABE2}.Release|Any CPU.ActiveCfg = Release|Any CPU
		{42D5AB87-2539-4534-9498-8761CEEAABE2}.Release|Any CPU.Build.0 = Release|Any CPU
	EndGlobalSection
	GlobalSection(SolutionProperties) = preSolution
		HideSolutionNode = FALSE
	EndGlobalSection
	GlobalSection(ExtensibilityGlobals) = postSolution
		SolutionGuid = {4CFE4033-17E3-43A2-A764-6B362CF8F46D}
	EndGlobalSection
EndGlobal
