
Microsoft Visual Studio Solution File, Format Version 12.00
# Visual Studio Version 17
VisualStudioVersion = 17.7.34024.191
MinimumVisualStudioVersion = 10.0.40219.1
Project("{FAE04EC0-301F-11D3-BF4B-00C04F79EFBC}") = "Day8", "Day8\Day8.csproj", "{89E9F1AF-0825-48CF-8875-1D616226CA23}"
EndProject
Global
	GlobalSection(SolutionConfigurationPlatforms) = preSolution
		Debug|Any CPU = Debug|Any CPU
		Release|Any CPU = Release|Any CPU
	EndGlobalSection
	GlobalSection(ProjectConfigurationPlatforms) = postSolution
		{89E9F1AF-0825-48CF-8875-1D616226CA23}.Debug|Any CPU.ActiveCfg = Debug|Any CPU
		{89E9F1AF-0825-48CF-8875-1D616226CA23}.Debug|Any CPU.Build.0 = Debug|Any CPU
		{89E9F1AF-0825-48CF-8875-1D616226CA23}.Release|Any CPU.ActiveCfg = Release|Any CPU
		{89E9F1AF-0825-48CF-8875-1D616226CA23}.Release|Any CPU.Build.0 = Release|Any CPU
	EndGlobalSection
	GlobalSection(SolutionProperties) = preSolution
		HideSolutionNode = FALSE
	EndGlobalSection
	GlobalSection(ExtensibilityGlobals) = postSolution
		SolutionGuid = {10CE4F6C-7E41-42FA-89CE-511179A83EF2}
	EndGlobalSection
EndGlobal
