
Microsoft Visual Studio Solution File, Format Version 12.00
# Visual Studio Version 17
VisualStudioVersion = 17.7.34024.191
MinimumVisualStudioVersion = 10.0.40219.1
Project("{FAE04EC0-301F-11D3-BF4B-00C04F79EFBC}") = "Day10", "Day10\Day10.csproj", "{63B258B4-352B-40FE-9E4F-80ACDA275F85}"
EndProject
Global
	GlobalSection(SolutionConfigurationPlatforms) = preSolution
		Debug|Any CPU = Debug|Any CPU
		Release|Any CPU = Release|Any CPU
	EndGlobalSection
	GlobalSection(ProjectConfigurationPlatforms) = postSolution
		{63B258B4-352B-40FE-9E4F-80ACDA275F85}.Debug|Any CPU.ActiveCfg = Debug|Any CPU
		{63B258B4-352B-40FE-9E4F-80ACDA275F85}.Debug|Any CPU.Build.0 = Debug|Any CPU
		{63B258B4-352B-40FE-9E4F-80ACDA275F85}.Release|Any CPU.ActiveCfg = Release|Any CPU
		{63B258B4-352B-40FE-9E4F-80ACDA275F85}.Release|Any CPU.Build.0 = Release|Any CPU
	EndGlobalSection
	GlobalSection(SolutionProperties) = preSolution
		HideSolutionNode = FALSE
	EndGlobalSection
	GlobalSection(ExtensibilityGlobals) = postSolution
		SolutionGuid = {06B91410-0F1D-4C84-9150-FDED970BFD42}
	EndGlobalSection
EndGlobal
